
Microsoft Visual Studio Solution File, Format Version 12.00
# Visual Studio 15
VisualStudioVersion = 15.0.27703.2042
MinimumVisualStudioVersion = 10.0.40219.1
Project("{F184B08F-C81C-45F6-A57F-5ABD9991F28F}") = "Numbers", "Numbers\Numbers.vbproj", "{32B50916-93AF-4E8B-B9A7-1C39543D2059}"
EndProject
Global
	GlobalSection(SolutionConfigurationPlatforms) = preSolution
		Debug|Any CPU = Debug|Any CPU
		Release|Any CPU = Release|Any CPU
	EndGlobalSection
	GlobalSection(ProjectConfigurationPlatforms) = postSolution
		{32B50916-93AF-4E8B-B9A7-1C39543D2059}.Debug|Any CPU.ActiveCfg = Debug|Any CPU
		{32B50916-93AF-4E8B-B9A7-1C39543D2059}.Debug|Any CPU.Build.0 = Debug|Any CPU
		{32B50916-93AF-4E8B-B9A7-1C39543D2059}.Release|Any CPU.ActiveCfg = Release|Any CPU
		{32B50916-93AF-4E8B-B9A7-1C39543D2059}.Release|Any CPU.Build.0 = Release|Any CPU
	EndGlobalSection
	GlobalSection(SolutionProperties) = preSolution
		HideSolutionNode = FALSE
	EndGlobalSection
	GlobalSection(ExtensibilityGlobals) = postSolution
		SolutionGuid = {3970FE48-CB40-40C1-8F29-3E971819CCA3}
	EndGlobalSection
EndGlobal
