
Microsoft Visual Studio Solution File, Format Version 12.00
# Visual Studio 15
VisualStudioVersion = 15.0.27703.2042
MinimumVisualStudioVersion = 10.0.40219.1
Project("{F184B08F-C81C-45F6-A57F-5ABD9991F28F}") = "fileHandling", "fileHandling.vbproj", "{F4DC83FE-A9DF-415E-AA2D-BB1A81CB9B35}"
EndProject
Global
	GlobalSection(SolutionConfigurationPlatforms) = preSolution
		Debug|Any CPU = Debug|Any CPU
		Release|Any CPU = Release|Any CPU
	EndGlobalSection
	GlobalSection(ProjectConfigurationPlatforms) = postSolution
		{F4DC83FE-A9DF-415E-AA2D-BB1A81CB9B35}.Debug|Any CPU.ActiveCfg = Debug|Any CPU
		{F4DC83FE-A9DF-415E-AA2D-BB1A81CB9B35}.Debug|Any CPU.Build.0 = Debug|Any CPU
		{F4DC83FE-A9DF-415E-AA2D-BB1A81CB9B35}.Release|Any CPU.ActiveCfg = Release|Any CPU
		{F4DC83FE-A9DF-415E-AA2D-BB1A81CB9B35}.Release|Any CPU.Build.0 = Release|Any CPU
	EndGlobalSection
	GlobalSection(SolutionProperties) = preSolution
		HideSolutionNode = FALSE
	EndGlobalSection
	GlobalSection(ExtensibilityGlobals) = postSolution
		SolutionGuid = {4524F13A-AD69-45B2-B753-2996CAEF3E64}
	EndGlobalSection
EndGlobal
